{
  "version": 4,
  "terraform_version": "1.0.8",
  "serial": 28,
  "lineage": "2d899669-4d4e-54de-b6a7-e4dedd659856",
  "outputs": {
    "bar": {
      "value": "bar",
      "type": "string"
    },
    "foo": {
      "value": "foo",
      "type": "string"
    }
  },
  "resources": [
    {
      "mode": "data",
      "type": "local_file",
      "name": "this",
      "provider": "provider[\"registry.terraform.io/hashicorp/local\"]",
      "instances": [
        {
          "schema_version": 0,
          "attributes": {
            "content": "resource \"random_string\" \"some_string\" {\n  length = 10\n}\n\nmodule \"sub_module\" {\n  source = \"./sub-modules/sub-module\"\n}\n\ndata \"local_file\" \"this\" {\n  filename = \"${path.module}/main.tf\"\n}\n\noutput \"foo\" {\n  value = \"foo\"\n}\n\noutput \"bar\" {\n  value = \"bar\"\n}\n",
            "content_base64": "cmVzb3VyY2UgInJhbmRvbV9zdHJpbmciICJzb21lX3N0cmluZyIgewogIGxlbmd0aCA9IDEwCn0KCm1vZHVsZSAic3ViX21vZHVsZSIgewogIHNvdXJjZSA9ICIuL3N1Yi1tb2R1bGVzL3N1Yi1tb2R1bGUiCn0KCmRhdGEgImxvY2FsX2ZpbGUiICJ0aGlzIiB7CiAgZmlsZW5hbWUgPSAiJHtwYXRoLm1vZHVsZX0vbWFpbi50ZiIKfQoKb3V0cHV0ICJmb28iIHsKICB2YWx1ZSA9ICJmb28iCn0KCm91dHB1dCAiYmFyIiB7CiAgdmFsdWUgPSAiYmFyIgp9Cg==",
            "filename": "./main.tf",
            "id": "c64695b338a70d703452c27b9e09f0a90e60de8b"
          },
          "sensitive_attributes": []
        }
      ]
    },
    {
      "mode": "managed",
      "type": "random_string",
      "name": "some_string",
      "provider": "provider[\"registry.terraform.io/hashicorp/random\"]",
      "instances": [
        {
          "schema_version": 1,
          "attributes": {
            "id": "FE:w?)[dn\u0026",
            "keepers": null,
            "length": 10,
            "lower": true,
            "min_lower": 0,
            "min_numeric": 0,
            "min_special": 0,
            "min_upper": 0,
            "number": true,
            "override_special": null,
            "result": "FE:w?)[dn\u0026",
            "special": true,
            "upper": true
          },
          "sensitive_attributes": [],
          "private": "eyJzY2hlbWFfdmVyc2lvbiI6IjEifQ=="
        }
      ]
    },
    {
      "module": "module.sub_module",
      "mode": "managed",
      "type": "random_string",
      "name": "some_other_string",
      "provider": "provider[\"registry.terraform.io/hashicorp/random\"]",
      "instances": [
        {
          "schema_version": 1,
          "attributes": {
            "id": "?M8L66TLT7",
            "keepers": null,
            "length": 10,
            "lower": true,
            "min_lower": 0,
            "min_numeric": 0,
            "min_special": 0,
            "min_upper": 0,
            "number": true,
            "override_special": null,
            "result": "?M8L66TLT7",
            "special": true,
            "upper": true
          },
          "sensitive_attributes": [],
          "private": "eyJzY2hlbWFfdmVyc2lvbiI6IjEifQ=="
        }
      ]
    }
  ]
}
